# This file is automatically @generated by Poetry 2.1.3 and should not be changed by hand.

[[package]]
name = "impacker"
version = "0.1.5"
description = "Import Packer for Python: packs imported library code into single file, for submitting competitive programming codes."
optional = false
python-versions = "^3.13"
groups = ["dev"]
files = []
develop = false

[package.source]
type = "git"
url = "https://github.com/123jimin/impacker.git"
reference = "HEAD"
resolved_reference = "547f56ec3eecdb550eb8cffbfca491e6937f8080"

[metadata]
lock-version = "2.1"
python-versions = "^3.13"
content-hash = "c1f232ade2d436b91c17ddfd8a5a954da1d1f08651b81d23b8551a6fdd4dcc3d"
